# This file is automatically @generated by Cargo.
# It is not intended for manual editing.
version = 4

[[package]]
name = "cabinetos-cli"
version = "0.1.0"

[[package]]
name = "cabinetos-commands"
version = "0.1.0"

[[package]]
name = "cabinetos-config"
version = "0.1.0"

[[package]]
name = "cabinetos-core"
version = "0.1.0"

[[package]]
name = "cabinetos-diag"
version = "0.1.0"

[[package]]
name = "cabinetos-fs"
version = "0.1.0"

[[package]]
name = "cabinetos-index"
version = "0.1.0"

[[package]]
name = "cabinetos-indexer"
version = "0.1.0"

[[package]]
name = "cabinetos-ipc"
version = "0.1.0"

[[package]]
name = "cabinetos-jobs"
version = "0.1.0"

[[package]]
name = "cabinetos-plugins"
version = "0.1.0"

[[package]]
name = "cabinetos-protocol"
version = "0.1.0"
